// !$*UTF8*$!
{
	archiveVersion = 1;
	classes = {
	};
	objectVersion = 46;
	objects = {

/* Begin PBXBuildFile section */
		885A782A1C661E9300C3510A /* IntArrayUtil.m in Sources */ = {isa = PBXBuildFile; fileRef = 885A78291C661E9300C3510A /* IntArrayUtil.m */; };
		885A782E1C66328F00C3510A /* ImageRepresentation.m in Sources */ = {isa = PBXBuildFile; fileRef = 885A782D1C66328F00C3510A /* ImageRepresentation.m */; };
		885FCD011C42848600D064A3 /* ImageProcessing.m in Sources */ = {isa = PBXBuildFile; fileRef = 885FCCFF1C42848600D064A3 /* ImageProcessing.m */; };
		885FCD021C42848600D064A3 /* main.m in Sources */ = {isa = PBXBuildFile; fileRef = 885FCD001C42848600D064A3 /* main.m */; };
		889F2E081C69066E006DD002 /* ZhangSuenThin.m in Sources */ = {isa = PBXBuildFile; fileRef = 889F2E071C69066E006DD002 /* ZhangSuenThin.m */; };
		88A55E7A1C7B654700B37CCD /* ImageAnalysis.m in Sources */ = {isa = PBXBuildFile; fileRef = 88A55E791C7B654700B37CCD /* ImageAnalysis.m */; };
		88D6001F1C63CC1200AC8200 /* Morphology.m in Sources */ = {isa = PBXBuildFile; fileRef = 88D6001E1C63CC1200AC8200 /* Morphology.m */; };
/* End PBXBuildFile section */

/* Begin PBXCopyFilesBuildPhase section */
		88C9AD921C41A27100E5CA26 /* CopyFiles */ = {
			isa = PBXCopyFilesBuildPhase;
			buildActionMask = 2147483647;
			dstPath = /usr/share/man/man1/;
			dstSubfolderSpec = 0;
			files = (
			);
			runOnlyForDeploymentPostprocessing = 1;
		};
/* End PBXCopyFilesBuildPhase section */

/* Begin PBXFileReference section */
		885A78281C661E9300C3510A /* IntArrayUtil.h */ = {isa = PBXFileReference; fileEncoding = 4; lastKnownFileType = sourcecode.c.h; path = IntArrayUtil.h; sourceTree = "<group>"; };
		885A78291C661E9300C3510A /* IntArrayUtil.m */ = {isa = PBXFileReference; fileEncoding = 4; lastKnownFileType = sourcecode.c.objc; path = IntArrayUtil.m; sourceTree = "<group>"; };
		885A782C1C66328F00C3510A /* ImageRepresentation.h */ = {isa = PBXFileReference; fileEncoding = 4; lastKnownFileType = sourcecode.c.h; path = ImageRepresentation.h; sourceTree = "<group>"; };
		885A782D1C66328F00C3510A /* ImageRepresentation.m */ = {isa = PBXFileReference; fileEncoding = 4; lastKnownFileType = sourcecode.c.objc; path = ImageRepresentation.m; sourceTree = "<group>"; };
		885FCCFE1C42848600D064A3 /* ImageProcessing.h */ = {isa = PBXFileReference; fileEncoding = 4; lastKnownFileType = sourcecode.c.h; path = ImageProcessing.h; sourceTree = "<group>"; };
		885FCCFF1C42848600D064A3 /* ImageProcessing.m */ = {isa = PBXFileReference; fileEncoding = 4; lastKnownFileType = sourcecode.c.objc; path = ImageProcessing.m; sourceTree = "<group>"; };
		885FCD001C42848600D064A3 /* main.m */ = {isa = PBXFileReference; fileEncoding = 4; lastKnownFileType = sourcecode.c.objc; path = main.m; sourceTree = "<group>"; };
		889F2E061C69066E006DD002 /* ZhangSuenThin.h */ = {isa = PBXFileReference; fileEncoding = 4; lastKnownFileType = sourcecode.c.h; path = ZhangSuenThin.h; sourceTree = "<group>"; };
		889F2E071C69066E006DD002 /* ZhangSuenThin.m */ = {isa = PBXFileReference; fileEncoding = 4; lastKnownFileType = sourcecode.c.objc; path = ZhangSuenThin.m; sourceTree = "<group>"; };
		88A55E781C7B654700B37CCD /* ImageAnalysis.h */ = {isa = PBXFileReference; fileEncoding = 4; lastKnownFileType = sourcecode.c.h; path = ImageAnalysis.h; sourceTree = "<group>"; };
		88A55E791C7B654700B37CCD /* ImageAnalysis.m */ = {isa = PBXFileReference; fileEncoding = 4; lastKnownFileType = sourcecode.c.objc; path = ImageAnalysis.m; sourceTree = "<group>"; };
		88C9AD941C41A27100E5CA26 /* ImageProcessingCLI */ = {isa = PBXFileReference; explicitFileType = "compiled.mach-o.executable"; includeInIndex = 0; path = ImageProcessingCLI; sourceTree = BUILT_PRODUCTS_DIR; };
		88D6001D1C63CC1200AC8200 /* Morphology.h */ = {isa = PBXFileReference; fileEncoding = 4; lastKnownFileType = sourcecode.c.h; path = Morphology.h; sourceTree = "<group>"; };
		88D6001E1C63CC1200AC8200 /* Morphology.m */ = {isa = PBXFileReference; fileEncoding = 4; lastKnownFileType = sourcecode.c.objc; path = Morphology.m; sourceTree = "<group>"; };
/* End PBXFileReference section */

/* Begin PBXFrameworksBuildPhase section */
		88C9AD911C41A27100E5CA26 /* Frameworks */ = {
			isa = PBXFrameworksBuildPhase;
			buildActionMask = 2147483647;
			files = (
			);
			runOnlyForDeploymentPostprocessing = 0;
		};
/* End PBXFrameworksBuildPhase section */

/* Begin PBXGroup section */
		885A782B1C66202200C3510A /* Util */ = {
			isa = PBXGroup;
			children = (
				885A78281C661E9300C3510A /* IntArrayUtil.h */,
				885A78291C661E9300C3510A /* IntArrayUtil.m */,
			);
			name = Util;
			sourceTree = "<group>";
		};
		88C9AD8B1C41A27100E5CA26 = {
			isa = PBXGroup;
			children = (
				88C9AD961C41A27100E5CA26 /* ImageProcessingCLI */,
				88C9AD951C41A27100E5CA26 /* Products */,
			);
			sourceTree = "<group>";
		};
		88C9AD951C41A27100E5CA26 /* Products */ = {
			isa = PBXGroup;
			children = (
				88C9AD941C41A27100E5CA26 /* ImageProcessingCLI */,
			);
			name = Products;
			sourceTree = "<group>";
		};
		88C9AD961C41A27100E5CA26 /* ImageProcessingCLI */ = {
			isa = PBXGroup;
			children = (
				885FCD001C42848600D064A3 /* main.m */,
				885FCCFE1C42848600D064A3 /* ImageProcessing.h */,
				885FCCFF1C42848600D064A3 /* ImageProcessing.m */,
				88D6001D1C63CC1200AC8200 /* Morphology.h */,
				88D6001E1C63CC1200AC8200 /* Morphology.m */,
				885A782C1C66328F00C3510A /* ImageRepresentation.h */,
				885A782D1C66328F00C3510A /* ImageRepresentation.m */,
				889F2E061C69066E006DD002 /* ZhangSuenThin.h */,
				889F2E071C69066E006DD002 /* ZhangSuenThin.m */,
				88A55E781C7B654700B37CCD /* ImageAnalysis.h */,
				88A55E791C7B654700B37CCD /* ImageAnalysis.m */,
				885A782B1C66202200C3510A /* Util */,
			);
			path = ImageProcessingCLI;
			sourceTree = "<group>";
		};
/* End PBXGroup section */

/* Begin PBXNativeTarget section */
		88C9AD931C41A27100E5CA26 /* ImageProcessingCLI */ = {
			isa = PBXNativeTarget;
			buildConfigurationList = 88C9AD9B1C41A27100E5CA26 /* Build configuration list for PBXNativeTarget "ImageProcessingCLI" */;
			buildPhases = (
				88C9AD901C41A27100E5CA26 /* Sources */,
				88C9AD911C41A27100E5CA26 /* Frameworks */,
				88C9AD921C41A27100E5CA26 /* CopyFiles */,
			);
			buildRules = (
			);
			dependencies = (
			);
			name = ImageProcessingCLI;
			productName = ImageProcessingCLI;
			productReference = 88C9AD941C41A27100E5CA26 /* ImageProcessingCLI */;
			productType = "com.apple.product-type.tool";
		};
/* End PBXNativeTarget section */

/* Begin PBXProject section */
		88C9AD8C1C41A27100E5CA26 /* Project object */ = {
			isa = PBXProject;
			attributes = {
				LastUpgradeCheck = 0710;
				ORGANIZATIONNAME = "James Mitchell";
				TargetAttributes = {
					88C9AD931C41A27100E5CA26 = {
						CreatedOnToolsVersion = 7.1.1;
					};
				};
			};
			buildConfigurationList = 88C9AD8F1C41A27100E5CA26 /* Build configuration list for PBXProject "ImageProcessingCLI" */;
			compatibilityVersion = "Xcode 3.2";
			developmentRegion = English;
			hasScannedForEncodings = 0;
			knownRegions = (
				en,
			);
			mainGroup = 88C9AD8B1C41A27100E5CA26;
			productRefGroup = 88C9AD951C41A27100E5CA26 /* Products */;
			projectDirPath = "";
			projectRoot = "";
			targets = (
				88C9AD931C41A27100E5CA26 /* ImageProcessingCLI */,
			);
		};
/* End PBXProject section */

/* Begin PBXSourcesBuildPhase section */
		88C9AD901C41A27100E5CA26 /* Sources */ = {
			isa = PBXSourcesBuildPhase;
			buildActionMask = 2147483647;
			files = (
				88A55E7A1C7B654700B37CCD /* ImageAnalysis.m in Sources */,
				88D6001F1C63CC1200AC8200 /* Morphology.m in Sources */,
				885A782A1C661E9300C3510A /* IntArrayUtil.m in Sources */,
				885FCD021C42848600D064A3 /* main.m in Sources */,
				885FCD011C42848600D064A3 /* ImageProcessing.m in Sources */,
				889F2E081C69066E006DD002 /* ZhangSuenThin.m in Sources */,
				885A782E1C66328F00C3510A /* ImageRepresentation.m in Sources */,
			);
			runOnlyForDeploymentPostprocessing = 0;
		};
/* End PBXSourcesBuildPhase section */

/* Begin XCBuildConfiguration section */
		88C9AD991C41A27100E5CA26 /* Debug */ = {
			isa = XCBuildConfiguration;
			buildSettings = {
				ALWAYS_SEARCH_USER_PATHS = NO;
				CLANG_CXX_LANGUAGE_STANDARD = "gnu++0x";
				CLANG_CXX_LIBRARY = "libc++";
				CLANG_ENABLE_MODULES = YES;
				CLANG_ENABLE_OBJC_ARC = YES;
				CLANG_WARN_BOOL_CONVERSION = YES;
				CLANG_WARN_CONSTANT_CONVERSION = YES;
				CLANG_WARN_DIRECT_OBJC_ISA_USAGE = YES_ERROR;
				CLANG_WARN_EMPTY_BODY = YES;
				CLANG_WARN_ENUM_CONVERSION = YES;
				CLANG_WARN_INT_CONVERSION = YES;
				CLANG_WARN_OBJC_ROOT_CLASS = YES_ERROR;
				CLANG_WARN_UNREACHABLE_CODE = YES;
				CLANG_WARN__DUPLICATE_METHOD_MATCH = YES;
				CODE_SIGN_IDENTITY = "-";
				COPY_PHASE_STRIP = NO;
				DEBUG_INFORMATION_FORMAT = dwarf;
				ENABLE_STRICT_OBJC_MSGSEND = YES;
				ENABLE_TESTABILITY = YES;
				GCC_C_LANGUAGE_STANDARD = gnu99;
				GCC_DYNAMIC_NO_PIC = NO;
				GCC_NO_COMMON_BLOCKS = YES;
				GCC_OPTIMIZATION_LEVEL = 0;
				GCC_PREPROCESSOR_DEFINITIONS = (
					"DEBUG=1",
					"$(inherited)",
				);
				GCC_WARN_64_TO_32_BIT_CONVERSION = YES;
				GCC_WARN_ABOUT_RETURN_TYPE = YES_ERROR;
				GCC_WARN_UNDECLARED_SELECTOR = YES;
				GCC_WARN_UNINITIALIZED_AUTOS = YES_AGGRESSIVE;
				GCC_WARN_UNUSED_FUNCTION = YES;
				GCC_WARN_UNUSED_VARIABLE = YES;
				MACOSX_DEPLOYMENT_TARGET = 10.11;
				MTL_ENABLE_DEBUG_INFO = YES;
				ONLY_ACTIVE_ARCH = YES;
				SDKROOT = macosx;
			};
			name = Debug;
		};
		88C9AD9A1C41A27100E5CA26 /* Release */ = {
			isa = XCBuildConfiguration;
			buildSettings = {
				ALWAYS_SEARCH_USER_PATHS = NO;
				CLANG_CXX_LANGUAGE_STANDARD = "gnu++0x";
				CLANG_CXX_LIBRARY = "libc++";
				CLANG_ENABLE_MODULES = YES;
				CLANG_ENABLE_OBJC_ARC = YES;
				CLANG_WARN_BOOL_CONVERSION = YES;
				CLANG_WARN_CONSTANT_CONVERSION = YES;
				CLANG_WARN_DIRECT_OBJC_ISA_USAGE = YES_ERROR;
				CLANG_WARN_EMPTY_BODY = YES;
				CLANG_WARN_ENUM_CONVERSION = YES;
				CLANG_WARN_INT_CONVERSION = YES;
				CLANG_WARN_OBJC_ROOT_CLASS = YES_ERROR;
				CLANG_WARN_UNREACHABLE_CODE = YES;
				CLANG_WARN__DUPLICATE_METHOD_MATCH = YES;
				CODE_SIGN_IDENTITY = "-";
				COPY_PHASE_STRIP = NO;
				DEBUG_INFORMATION_FORMAT = "dwarf-with-dsym";
				ENABLE_NS_ASSERTIONS = NO;
				ENABLE_STRICT_OBJC_MSGSEND = YES;
				GCC_C_LANGUAGE_STANDARD = gnu99;
				GCC_NO_COMMON_BLOCKS = YES;
				GCC_WARN_64_TO_32_BIT_CONVERSION = YES;
				GCC_WARN_ABOUT_RETURN_TYPE = YES_ERROR;
				GCC_WARN_UNDECLARED_SELECTOR = YES;
				GCC_WARN_UNINITIALIZED_AUTOS = YES_AGGRESSIVE;
				GCC_WARN_UNUSED_FUNCTION = YES;
				GCC_WARN_UNUSED_VARIABLE = YES;
				MACOSX_DEPLOYMENT_TARGET = 10.11;
				MTL_ENABLE_DEBUG_INFO = NO;
				SDKROOT = macosx;
			};
			name = Release;
		};
		88C9AD9C1C41A27100E5CA26 /* Debug */ = {
			isa = XCBuildConfiguration;
			buildSettings = {
				PRODUCT_NAME = "$(TARGET_NAME)";
			};
			name = Debug;
		};
		88C9AD9D1C41A27100E5CA26 /* Release */ = {
			isa = XCBuildConfiguration;
			buildSettings = {
				PRODUCT_NAME = "$(TARGET_NAME)";
			};
			name = Release;
		};
/* End XCBuildConfiguration section */

/* Begin XCConfigurationList section */
		88C9AD8F1C41A27100E5CA26 /* Build configuration list for PBXProject "ImageProcessingCLI" */ = {
			isa = XCConfigurationList;
			buildConfigurations = (
				88C9AD991C41A27100E5CA26 /* Debug */,
				88C9AD9A1C41A27100E5CA26 /* Release */,
			);
			defaultConfigurationIsVisible = 0;
			defaultConfigurationName = Release;
		};
		88C9AD9B1C41A27100E5CA26 /* Build configuration list for PBXNativeTarget "ImageProcessingCLI" */ = {
			isa = XCConfigurationList;
			buildConfigurations = (
				88C9AD9C1C41A27100E5CA26 /* Debug */,
				88C9AD9D1C41A27100E5CA26 /* Release */,
			);
			defaultConfigurationIsVisible = 0;
			defaultConfigurationName = Release;
		};
/* End XCConfigurationList section */
	};
	rootObject = 88C9AD8C1C41A27100E5CA26 /* Project object */;
}
